
Microsoft Visual Studio Solution File, Format Version 12.00
# Visual Studio Version 17
VisualStudioVersion = 17.1.32210.238
MinimumVisualStudioVersion = 10.0.40219.1
Project("{9A19103F-16F7-4668-BE54-9A1E7A4F7556}") = "CSharp.Samples-01", "CSharp.Samples-01\CSharp.Samples-01.csproj", "{E1A99F16-1C89-4528-80A3-6E54B808C3A5}"
EndProject
Project("{9A19103F-16F7-4668-BE54-9A1E7A4F7556}") = "CSharp.Samples.Delegates.GlobalMotorcycleServiceModule", "CSharp.Samples.Delegates.GlobalMotorcycleServiceModule\CSharp.Samples.Delegates.GlobalMotorcycleServiceModule.csproj", "{B140B111-DBAA-4D91-87E0-DF2CDAC39524}"
EndProject
Project("{9A19103F-16F7-4668-BE54-9A1E7A4F7556}") = "CSharp.Saples.Delegates.MotorcycleConsole", "CSharp.Saples.Delegates.MotorcycleConsole\CSharp.Saples.Delegates.MotorcycleConsole.csproj", "{18B31A8F-1E53-42E3-A3D3-A86F3BCD040C}"
EndProject
Project("{9A19103F-16F7-4668-BE54-9A1E7A4F7556}") = "CSharp.Samples.Reflection", "CSharp.Samples.Reflection\CSharp.Samples.Reflection.csproj", "{837D958D-1142-4738-B312-05641341D769}"
EndProject
Project("{9A19103F-16F7-4668-BE54-9A1E7A4F7556}") = "CSharp.Samples.Attributes", "CSharp.Samples.Attributes\CSharp.Samples.Attributes.csproj", "{117353A4-5442-4D7F-9EA6-FD2C405CD87D}"
EndProject
Project("{9A19103F-16F7-4668-BE54-9A1E7A4F7556}") = "CSharp.Samples.LogicAndOperator", "CSharp.Samples.LogicAndOperator\CSharp.Samples.LogicAndOperator.csproj", "{76466FF2-EAA9-4B2D-BA3C-2C46BF7110DD}"
EndProject
Project("{9A19103F-16F7-4668-BE54-9A1E7A4F7556}") = "CSharp.Samples.Array.Calculator", "CSharp.Samples.Array.Calculator\CSharp.Samples.Array.Calculator.csproj", "{268E35D7-9321-4FB8-AA05-8E9F362EB1A1}"
EndProject
Project("{9A19103F-16F7-4668-BE54-9A1E7A4F7556}") = "CSharp.Samples.Serilog", "CSharp.Samples.Serilog\CSharp.Samples.Serilog.csproj", "{04E99714-0887-478F-A93E-87C6541FA69D}"
EndProject
Project("{9A19103F-16F7-4668-BE54-9A1E7A4F7556}") = "CSharp.Samples.OverloadOperators", "CSharp.Samples.OverloadOperators\CSharp.Samples.OverloadOperators.csproj", "{592A26A3-8610-4417-8C05-2E67732C5680}"
EndProject
Project("{9A19103F-16F7-4668-BE54-9A1E7A4F7556}") = "CSharp.Samples.Threads", "CSharp.Samples.Threads\CSharp.Samples.Threads.csproj", "{EEFC543F-504B-4634-85AD-8F11F7620DDE}"
EndProject
Project("{9A19103F-16F7-4668-BE54-9A1E7A4F7556}") = "CSharp.Samples.StaticClass", "CSharp.Samples.StaticClass\CSharp.Samples.StaticClass.csproj", "{423586F8-A507-4F58-B8E8-C610701443AA}"
EndProject
Project("{9A19103F-16F7-4668-BE54-9A1E7A4F7556}") = "CSharp.Samples.Generics", "CSharp.Samples.Generics\CSharp.Samples.Generics.csproj", "{77FEEB0B-8779-488E-BC8F-D6DDF5E3EC58}"
EndProject
Project("{9A19103F-16F7-4668-BE54-9A1E7A4F7556}") = "CSharp.Samples.Boxing", "CSharp.Samples.Boxing\CSharp.Samples.Boxing.csproj", "{CECAEB87-9CAC-4339-9437-B73482EEB2C4}"
EndProject
Project("{9A19103F-16F7-4668-BE54-9A1E7A4F7556}") = "CSharp.Samples.IO", "CSharp.Samples.IO\CSharp.Samples.IO.csproj", "{B016A584-D6DE-4249-A09E-4C4D669ED24A}"
EndProject
Project("{9A19103F-16F7-4668-BE54-9A1E7A4F7556}") = "CSharp.Samples.GC", "CSharp.Samples.GC\CSharp.Samples.GC.csproj", "{04C30B4F-74CD-4F65-A546-5CF4591045E5}"
EndProject
Project("{FAE04EC0-301F-11D3-BF4B-00C04F79EFBC}") = "CSharp.Samples.Arrays", "CSharp.Samples.Arrays\CSharp.Samples.Arrays.csproj", "{1D67315E-734C-485F-817A-5C0D78170501}"
EndProject
Global
	GlobalSection(SolutionConfigurationPlatforms) = preSolution
		Debug|Any CPU = Debug|Any CPU
		Release|Any CPU = Release|Any CPU
	EndGlobalSection
	GlobalSection(ProjectConfigurationPlatforms) = postSolution
		{E1A99F16-1C89-4528-80A3-6E54B808C3A5}.Debug|Any CPU.ActiveCfg = Debug|Any CPU
		{E1A99F16-1C89-4528-80A3-6E54B808C3A5}.Debug|Any CPU.Build.0 = Debug|Any CPU
		{E1A99F16-1C89-4528-80A3-6E54B808C3A5}.Release|Any CPU.ActiveCfg = Release|Any CPU
		{E1A99F16-1C89-4528-80A3-6E54B808C3A5}.Release|Any CPU.Build.0 = Release|Any CPU
		{B140B111-DBAA-4D91-87E0-DF2CDAC39524}.Debug|Any CPU.ActiveCfg = Debug|Any CPU
		{B140B111-DBAA-4D91-87E0-DF2CDAC39524}.Debug|Any CPU.Build.0 = Debug|Any CPU
		{B140B111-DBAA-4D91-87E0-DF2CDAC39524}.Release|Any CPU.ActiveCfg = Release|Any CPU
		{B140B111-DBAA-4D91-87E0-DF2CDAC39524}.Release|Any CPU.Build.0 = Release|Any CPU
		{18B31A8F-1E53-42E3-A3D3-A86F3BCD040C}.Debug|Any CPU.ActiveCfg = Debug|Any CPU
		{18B31A8F-1E53-42E3-A3D3-A86F3BCD040C}.Debug|Any CPU.Build.0 = Debug|Any CPU
		{18B31A8F-1E53-42E3-A3D3-A86F3BCD040C}.Release|Any CPU.ActiveCfg = Release|Any CPU
		{18B31A8F-1E53-42E3-A3D3-A86F3BCD040C}.Release|Any CPU.Build.0 = Release|Any CPU
		{837D958D-1142-4738-B312-05641341D769}.Debug|Any CPU.ActiveCfg = Debug|Any CPU
		{837D958D-1142-4738-B312-05641341D769}.Debug|Any CPU.Build.0 = Debug|Any CPU
		{837D958D-1142-4738-B312-05641341D769}.Release|Any CPU.ActiveCfg = Release|Any CPU
		{837D958D-1142-4738-B312-05641341D769}.Release|Any CPU.Build.0 = Release|Any CPU
		{117353A4-5442-4D7F-9EA6-FD2C405CD87D}.Debug|Any CPU.ActiveCfg = Debug|Any CPU
		{117353A4-5442-4D7F-9EA6-FD2C405CD87D}.Debug|Any CPU.Build.0 = Debug|Any CPU
		{117353A4-5442-4D7F-9EA6-FD2C405CD87D}.Release|Any CPU.ActiveCfg = Release|Any CPU
		{117353A4-5442-4D7F-9EA6-FD2C405CD87D}.Release|Any CPU.Build.0 = Release|Any CPU
		{76466FF2-EAA9-4B2D-BA3C-2C46BF7110DD}.Debug|Any CPU.ActiveCfg = Debug|Any CPU
		{76466FF2-EAA9-4B2D-BA3C-2C46BF7110DD}.Debug|Any CPU.Build.0 = Debug|Any CPU
		{76466FF2-EAA9-4B2D-BA3C-2C46BF7110DD}.Release|Any CPU.ActiveCfg = Release|Any CPU
		{76466FF2-EAA9-4B2D-BA3C-2C46BF7110DD}.Release|Any CPU.Build.0 = Release|Any CPU
		{268E35D7-9321-4FB8-AA05-8E9F362EB1A1}.Debug|Any CPU.ActiveCfg = Debug|Any CPU
		{268E35D7-9321-4FB8-AA05-8E9F362EB1A1}.Debug|Any CPU.Build.0 = Debug|Any CPU
		{268E35D7-9321-4FB8-AA05-8E9F362EB1A1}.Release|Any CPU.ActiveCfg = Release|Any CPU
		{268E35D7-9321-4FB8-AA05-8E9F362EB1A1}.Release|Any CPU.Build.0 = Release|Any CPU
		{04E99714-0887-478F-A93E-87C6541FA69D}.Debug|Any CPU.ActiveCfg = Debug|Any CPU
		{04E99714-0887-478F-A93E-87C6541FA69D}.Debug|Any CPU.Build.0 = Debug|Any CPU
		{04E99714-0887-478F-A93E-87C6541FA69D}.Release|Any CPU.ActiveCfg = Release|Any CPU
		{04E99714-0887-478F-A93E-87C6541FA69D}.Release|Any CPU.Build.0 = Release|Any CPU
		{592A26A3-8610-4417-8C05-2E67732C5680}.Debug|Any CPU.ActiveCfg = Debug|Any CPU
		{592A26A3-8610-4417-8C05-2E67732C5680}.Debug|Any CPU.Build.0 = Debug|Any CPU
		{592A26A3-8610-4417-8C05-2E67732C5680}.Release|Any CPU.ActiveCfg = Release|Any CPU
		{592A26A3-8610-4417-8C05-2E67732C5680}.Release|Any CPU.Build.0 = Release|Any CPU
		{EEFC543F-504B-4634-85AD-8F11F7620DDE}.Debug|Any CPU.ActiveCfg = Debug|Any CPU
		{EEFC543F-504B-4634-85AD-8F11F7620DDE}.Debug|Any CPU.Build.0 = Debug|Any CPU
		{EEFC543F-504B-4634-85AD-8F11F7620DDE}.Release|Any CPU.ActiveCfg = Release|Any CPU
		{EEFC543F-504B-4634-85AD-8F11F7620DDE}.Release|Any CPU.Build.0 = Release|Any CPU
		{423586F8-A507-4F58-B8E8-C610701443AA}.Debug|Any CPU.ActiveCfg = Debug|Any CPU
		{423586F8-A507-4F58-B8E8-C610701443AA}.Debug|Any CPU.Build.0 = Debug|Any CPU
		{423586F8-A507-4F58-B8E8-C610701443AA}.Release|Any CPU.ActiveCfg = Release|Any CPU
		{423586F8-A507-4F58-B8E8-C610701443AA}.Release|Any CPU.Build.0 = Release|Any CPU
		{77FEEB0B-8779-488E-BC8F-D6DDF5E3EC58}.Debug|Any CPU.ActiveCfg = Debug|Any CPU
		{77FEEB0B-8779-488E-BC8F-D6DDF5E3EC58}.Debug|Any CPU.Build.0 = Debug|Any CPU
		{77FEEB0B-8779-488E-BC8F-D6DDF5E3EC58}.Release|Any CPU.ActiveCfg = Release|Any CPU
		{77FEEB0B-8779-488E-BC8F-D6DDF5E3EC58}.Release|Any CPU.Build.0 = Release|Any CPU
		{CECAEB87-9CAC-4339-9437-B73482EEB2C4}.Debug|Any CPU.ActiveCfg = Debug|Any CPU
		{CECAEB87-9CAC-4339-9437-B73482EEB2C4}.Debug|Any CPU.Build.0 = Debug|Any CPU
		{CECAEB87-9CAC-4339-9437-B73482EEB2C4}.Release|Any CPU.ActiveCfg = Release|Any CPU
		{CECAEB87-9CAC-4339-9437-B73482EEB2C4}.Release|Any CPU.Build.0 = Release|Any CPU
		{B016A584-D6DE-4249-A09E-4C4D669ED24A}.Debug|Any CPU.ActiveCfg = Debug|Any CPU
		{B016A584-D6DE-4249-A09E-4C4D669ED24A}.Debug|Any CPU.Build.0 = Debug|Any CPU
		{B016A584-D6DE-4249-A09E-4C4D669ED24A}.Release|Any CPU.ActiveCfg = Release|Any CPU
		{B016A584-D6DE-4249-A09E-4C4D669ED24A}.Release|Any CPU.Build.0 = Release|Any CPU
		{04C30B4F-74CD-4F65-A546-5CF4591045E5}.Debug|Any CPU.ActiveCfg = Debug|Any CPU
		{04C30B4F-74CD-4F65-A546-5CF4591045E5}.Debug|Any CPU.Build.0 = Debug|Any CPU
		{04C30B4F-74CD-4F65-A546-5CF4591045E5}.Release|Any CPU.ActiveCfg = Release|Any CPU
		{04C30B4F-74CD-4F65-A546-5CF4591045E5}.Release|Any CPU.Build.0 = Release|Any CPU
		{1D67315E-734C-485F-817A-5C0D78170501}.Debug|Any CPU.ActiveCfg = Debug|Any CPU
		{1D67315E-734C-485F-817A-5C0D78170501}.Debug|Any CPU.Build.0 = Debug|Any CPU
		{1D67315E-734C-485F-817A-5C0D78170501}.Release|Any CPU.ActiveCfg = Release|Any CPU
		{1D67315E-734C-485F-817A-5C0D78170501}.Release|Any CPU.Build.0 = Release|Any CPU
	EndGlobalSection
	GlobalSection(SolutionProperties) = preSolution
		HideSolutionNode = FALSE
	EndGlobalSection
	GlobalSection(ExtensibilityGlobals) = postSolution
		SolutionGuid = {9DEB0EBD-9EA6-4FEC-AECB-BF6FD03757A8}
	EndGlobalSection
EndGlobal
