
Microsoft Visual Studio Solution File, Format Version 12.00
# Visual Studio Version 16
VisualStudioVersion = 16.0.29324.140
MinimumVisualStudioVersion = 10.0.40219.1
Project("{9A19103F-16F7-4668-BE54-9A1E7A4F7556}") = "CSharp.Samples-01", "CSharp.Samples-01\CSharp.Samples-01.csproj", "{E1A99F16-1C89-4528-80A3-6E54B808C3A5}"
EndProject
Project("{FAE04EC0-301F-11D3-BF4B-00C04F79EFBC}") = "CSharp.Samples.Delegates.GlobalMotorcycleServiceModule", "CSharp.Samples.Delegates.GlobalMotorcycleServiceModule\CSharp.Samples.Delegates.GlobalMotorcycleServiceModule.csproj", "{B140B111-DBAA-4D91-87E0-DF2CDAC39524}"
EndProject
Project("{FAE04EC0-301F-11D3-BF4B-00C04F79EFBC}") = "CSharp.Saples.Delegates.MotorcycleConsole", "CSharp.Saples.Delegates.MotorcycleConsole\CSharp.Saples.Delegates.MotorcycleConsole.csproj", "{18B31A8F-1E53-42E3-A3D3-A86F3BCD040C}"
EndProject
Global
	GlobalSection(SolutionConfigurationPlatforms) = preSolution
		Debug|Any CPU = Debug|Any CPU
		Release|Any CPU = Release|Any CPU
	EndGlobalSection
	GlobalSection(ProjectConfigurationPlatforms) = postSolution
		{E1A99F16-1C89-4528-80A3-6E54B808C3A5}.Debug|Any CPU.ActiveCfg = Debug|Any CPU
		{E1A99F16-1C89-4528-80A3-6E54B808C3A5}.Debug|Any CPU.Build.0 = Debug|Any CPU
		{E1A99F16-1C89-4528-80A3-6E54B808C3A5}.Release|Any CPU.ActiveCfg = Release|Any CPU
		{E1A99F16-1C89-4528-80A3-6E54B808C3A5}.Release|Any CPU.Build.0 = Release|Any CPU
		{B140B111-DBAA-4D91-87E0-DF2CDAC39524}.Debug|Any CPU.ActiveCfg = Debug|Any CPU
		{B140B111-DBAA-4D91-87E0-DF2CDAC39524}.Debug|Any CPU.Build.0 = Debug|Any CPU
		{B140B111-DBAA-4D91-87E0-DF2CDAC39524}.Release|Any CPU.ActiveCfg = Release|Any CPU
		{B140B111-DBAA-4D91-87E0-DF2CDAC39524}.Release|Any CPU.Build.0 = Release|Any CPU
		{18B31A8F-1E53-42E3-A3D3-A86F3BCD040C}.Debug|Any CPU.ActiveCfg = Debug|Any CPU
		{18B31A8F-1E53-42E3-A3D3-A86F3BCD040C}.Debug|Any CPU.Build.0 = Debug|Any CPU
		{18B31A8F-1E53-42E3-A3D3-A86F3BCD040C}.Release|Any CPU.ActiveCfg = Release|Any CPU
		{18B31A8F-1E53-42E3-A3D3-A86F3BCD040C}.Release|Any CPU.Build.0 = Release|Any CPU
	EndGlobalSection
	GlobalSection(SolutionProperties) = preSolution
		HideSolutionNode = FALSE
	EndGlobalSection
	GlobalSection(ExtensibilityGlobals) = postSolution
		SolutionGuid = {9DEB0EBD-9EA6-4FEC-AECB-BF6FD03757A8}
	EndGlobalSection
EndGlobal
